
Microsoft Visual Studio Solution File, Format Version 12.00
# Visual Studio 15
VisualStudioVersion = 15.0.26124.0
MinimumVisualStudioVersion = 15.0.26124.0
Project("{9A19103F-16F7-4668-BE54-9A1E7A4F7556}") = "TimeZoneConvert", "TimeZoneConvert\TimeZoneConvert.csproj", "{C42A7AFB-872B-4017-BAA9-E3EFA74B8405}"
EndProject
Project("{9A19103F-16F7-4668-BE54-9A1E7A4F7556}") = "TimeZoneConvertTest", "TimeZoneConvertTest\TimeZoneConvertTest.csproj", "{0481B172-74A8-40B0-8AC8-4F0C2BE30034}"
EndProject
Global
	GlobalSection(SolutionConfigurationPlatforms) = preSolution
		Debug|Any CPU = Debug|Any CPU
		Release|Any CPU = Release|Any CPU
	EndGlobalSection
	GlobalSection(ProjectConfigurationPlatforms) = postSolution
		{C42A7AFB-872B-4017-BAA9-E3EFA74B8405}.Debug|Any CPU.ActiveCfg = Debug|Any CPU
		{C42A7AFB-872B-4017-BAA9-E3EFA74B8405}.Debug|Any CPU.Build.0 = Debug|Any CPU
		{C42A7AFB-872B-4017-BAA9-E3EFA74B8405}.Release|Any CPU.ActiveCfg = Release|Any CPU
		{C42A7AFB-872B-4017-BAA9-E3EFA74B8405}.Release|Any CPU.Build.0 = Release|Any CPU
		{0481B172-74A8-40B0-8AC8-4F0C2BE30034}.Debug|Any CPU.ActiveCfg = Debug|Any CPU
		{0481B172-74A8-40B0-8AC8-4F0C2BE30034}.Debug|Any CPU.Build.0 = Debug|Any CPU
		{0481B172-74A8-40B0-8AC8-4F0C2BE30034}.Release|Any CPU.ActiveCfg = Release|Any CPU
		{0481B172-74A8-40B0-8AC8-4F0C2BE30034}.Release|Any CPU.Build.0 = Release|Any CPU
	EndGlobalSection
	GlobalSection(SolutionProperties) = preSolution
		HideSolutionNode = FALSE
	EndGlobalSection
	GlobalSection(ExtensibilityGlobals) = postSolution
		SolutionGuid = {4D4C1F98-6738-4DCA-8873-DFF94797BF87}
	EndGlobalSection
EndGlobal
